
Microsoft Visual Studio Solution File, Format Version 12.00
# Visual Studio 15
Project("{FAE04EC0-301F-11D3-BF4B-00C04F79EFBC}") = "Assembly-CSharp", "Assembly-CSharp.csproj", "{DB4C8580-A7B4-2217-6596-F4D795AB7FD3}"
EndProject
Global
	GlobalSection(SolutionConfigurationPlatforms) = preSolution
		Debug|Any CPU = Debug|Any CPU
		Release|Any CPU = Release|Any CPU
	EndGlobalSection
	GlobalSection(ProjectConfigurationPlatforms) = postSolution
		{DB4C8580-A7B4-2217-6596-F4D795AB7FD3}.Debug|Any CPU.ActiveCfg = Debug|Any CPU
		{DB4C8580-A7B4-2217-6596-F4D795AB7FD3}.Debug|Any CPU.Build.0 = Debug|Any CPU
		{DB4C8580-A7B4-2217-6596-F4D795AB7FD3}.Release|Any CPU.ActiveCfg = Release|Any CPU
		{DB4C8580-A7B4-2217-6596-F4D795AB7FD3}.Release|Any CPU.Build.0 = Release|Any CPU
	EndGlobalSection
	GlobalSection(SolutionProperties) = preSolution
		HideSolutionNode = FALSE
	EndGlobalSection
EndGlobal
